
Microsoft Visual Studio Solution File, Format Version 12.00
# Visual Studio Version 16
VisualStudioVersion = 16.0.31112.23
MinimumVisualStudioVersion = 10.0.40219.1
Project("{8BC9CEB8-8B4A-11D0-8D11-00A0C91BC942}") = "VailderInetLib", "VailderInetLib\VailderInetLib.vcxproj", "{1A15CAF6-1547-469B-BE13-0A7235516CF2}"
EndProject
Global
	GlobalSection(SolutionConfigurationPlatforms) = preSolution
		Debug|x64 = Debug|x64
		Debug|x86 = Debug|x86
		Release|x64 = Release|x64
		Release|x86 = Release|x86
	EndGlobalSection
	GlobalSection(ProjectConfigurationPlatforms) = postSolution
		{1A15CAF6-1547-469B-BE13-0A7235516CF2}.Debug|x64.ActiveCfg = Debug|x64
		{1A15CAF6-1547-469B-BE13-0A7235516CF2}.Debug|x64.Build.0 = Debug|x64
		{1A15CAF6-1547-469B-BE13-0A7235516CF2}.Debug|x86.ActiveCfg = Debug|Win32
		{1A15CAF6-1547-469B-BE13-0A7235516CF2}.Debug|x86.Build.0 = Debug|Win32
		{1A15CAF6-1547-469B-BE13-0A7235516CF2}.Release|x64.ActiveCfg = Release|x64
		{1A15CAF6-1547-469B-BE13-0A7235516CF2}.Release|x64.Build.0 = Release|x64
		{1A15CAF6-1547-469B-BE13-0A7235516CF2}.Release|x86.ActiveCfg = Release|Win32
		{1A15CAF6-1547-469B-BE13-0A7235516CF2}.Release|x86.Build.0 = Release|Win32
	EndGlobalSection
	GlobalSection(SolutionProperties) = preSolution
		HideSolutionNode = FALSE
	EndGlobalSection
	GlobalSection(ExtensibilityGlobals) = postSolution
		SolutionGuid = {59341906-2523-43BD-811B-5E009D51383A}
	EndGlobalSection
EndGlobal
